
Microsoft Visual Studio Solution File, Format Version 12.00
# Visual Studio Version 17
VisualStudioVersion = 17.14.36401.2 d17.14
MinimumVisualStudioVersion = 10.0.40219.1
Project("{FAE04EC0-301F-11D3-BF4B-00C04F79EFBC}") = "Ejercicio1", "Ejercicio1\Ejercicio1.csproj", "{80773BC9-6D17-4AD8-9BB6-7E1E2A44CF15}"
EndProject
Global
	GlobalSection(SolutionConfigurationPlatforms) = preSolution
		Debug|Any CPU = Debug|Any CPU
		Release|Any CPU = Release|Any CPU
	EndGlobalSection
	GlobalSection(ProjectConfigurationPlatforms) = postSolution
		{80773BC9-6D17-4AD8-9BB6-7E1E2A44CF15}.Debug|Any CPU.ActiveCfg = Debug|Any CPU
		{80773BC9-6D17-4AD8-9BB6-7E1E2A44CF15}.Debug|Any CPU.Build.0 = Debug|Any CPU
		{80773BC9-6D17-4AD8-9BB6-7E1E2A44CF15}.Release|Any CPU.ActiveCfg = Release|Any CPU
		{80773BC9-6D17-4AD8-9BB6-7E1E2A44CF15}.Release|Any CPU.Build.0 = Release|Any CPU
	EndGlobalSection
	GlobalSection(SolutionProperties) = preSolution
		HideSolutionNode = FALSE
	EndGlobalSection
	GlobalSection(ExtensibilityGlobals) = postSolution
		SolutionGuid = {4F158FE2-2AEE-452D-80F4-7EB02051ACE6}
	EndGlobalSection
EndGlobal
